{
  "version": 2,
  "dependencies": {
    "net10.0": {
      "sharplabnext.artifacts.contracts": {
        "type": "Project",
        "dependencies": {
          "SharpLabNext.Contracts": "[0.1.0, )"
        }
      },
      "sharplabnext.contracts": {
        "type": "Project"
      }
    },
    "net8.0": {
      "sharplabnext.artifacts.contracts": {
        "type": "Project",
        "dependencies": {
          "SharpLabNext.Contracts": "[0.1.0, )"
        }
      },
      "sharplabnext.contracts": {
        "type": "Project"
      }
    }
  }
}