{
  "version": 2,
  "dependencies": {
    "net10.0": {
      "Iced": {
        "type": "Direct",
        "requested": "[1.21.0, )",
        "resolved": "1.21.0",
        "contentHash": "dv5+81Q1TBQvVMSOOOmRcjJmvWcX3BZPZsIq31+RLc5cNft0IHAyNlkdb7ZarOWG913PyBoFDsDXoCIlKmLclg=="
      },
      "sharplabnext.contracts": {
        "type": "Project"
      },
      "sharplabnext.runtimeprotocol": {
        "type": "Project",
        "dependencies": {
          "SharpLabNext.Contracts": "[0.1.0, )"
        }
      }
    },
    "net8.0": {
      "Iced": {
        "type": "Direct",
        "requested": "[1.21.0, )",
        "resolved": "1.21.0",
        "contentHash": "dv5+81Q1TBQvVMSOOOmRcjJmvWcX3BZPZsIq31+RLc5cNft0IHAyNlkdb7ZarOWG913PyBoFDsDXoCIlKmLclg=="
      },
      "sharplabnext.contracts": {
        "type": "Project"
      },
      "sharplabnext.runtimeprotocol": {
        "type": "Project",
        "dependencies": {
          "SharpLabNext.Contracts": "[0.1.0, )"
        }
      }
    }
  }
}